
Microsoft Visual Studio Solution File, Format Version 12.00
# Visual Studio Version 17
VisualStudioVersion = 17.12.35527.113
MinimumVisualStudioVersion = 10.0.40219.1
Project("{FAE04EC0-301F-11D3-BF4B-00C04F79EFBC}") = "Caju", "Caju\Caju.csproj", "{C3102636-6704-48DC-9E69-0B6C25408E9C}"
EndProject
Project("{E53339B2-1760-4266-BCC7-CA923CBCF16C}") = "docker-compose", "docker-compose.dcproj", "{ACC3D951-53FB-4BE2-AAFA-8FEFE9642347}"
EndProject
Global
	GlobalSection(SolutionConfigurationPlatforms) = preSolution
		Debug|Any CPU = Debug|Any CPU
		Release|Any CPU = Release|Any CPU
	EndGlobalSection
	GlobalSection(ProjectConfigurationPlatforms) = postSolution
		{C3102636-6704-48DC-9E69-0B6C25408E9C}.Debug|Any CPU.ActiveCfg = Debug|Any CPU
		{C3102636-6704-48DC-9E69-0B6C25408E9C}.Debug|Any CPU.Build.0 = Debug|Any CPU
		{C3102636-6704-48DC-9E69-0B6C25408E9C}.Release|Any CPU.ActiveCfg = Release|Any CPU
		{C3102636-6704-48DC-9E69-0B6C25408E9C}.Release|Any CPU.Build.0 = Release|Any CPU
		{ACC3D951-53FB-4BE2-AAFA-8FEFE9642347}.Debug|Any CPU.ActiveCfg = Debug|Any CPU
		{ACC3D951-53FB-4BE2-AAFA-8FEFE9642347}.Debug|Any CPU.Build.0 = Debug|Any CPU
		{ACC3D951-53FB-4BE2-AAFA-8FEFE9642347}.Release|Any CPU.ActiveCfg = Release|Any CPU
		{ACC3D951-53FB-4BE2-AAFA-8FEFE9642347}.Release|Any CPU.Build.0 = Release|Any CPU
	EndGlobalSection
	GlobalSection(SolutionProperties) = preSolution
		HideSolutionNode = FALSE
	EndGlobalSection
EndGlobal
